PODS:
  - AgoraInfra_iOS (1.3.5)
  - AgoraRtcEngine_iOS/RtcBasic (4.6.2):
    - AgoraInfra_iOS (= 1.3.5)

DEPENDENCIES:
  - AgoraRtcEngine_iOS/RtcBasic (~> 4.6)

SPEC REPOS:
  trunk:
    - AgoraInfra_iOS
    - AgoraRtcEngine_iOS

SPEC CHECKSUMS:
  AgoraInfra_iOS: 0bf927aad4fc425b24ca5d094b333361960f5cb0
  AgoraRtcEngine_iOS: 11f37dd846d6194a5268b084b99102e5b6aff0de

PODFILE CHECKSUM: 0bfd07ddb32fde6838d5af494577914f13df6c33

COCOAPODS: 1.16.2
